schema: '2.0'
stages:
  data exploration:
    cmd: python src/extract_data.py
    deps:
    - path: src/extract_data.py
      md5: 0c8669030cd7e1bc5970b8e857aa4a28
      size: 2607
    outs:
    - path: som_assets/som_data
      md5: bf541d1e68920b489098c790bb9b9dfd.dir
      size: 559776
      nfiles: 2
  feature engineering:
    cmd: python src/extract_features.py
    deps:
    - path: som_assets/som_data
      md5: bf541d1e68920b489098c790bb9b9dfd.dir
      size: 559776
      nfiles: 2
    - path: src/extract_features.py
      md5: 25561af3668992b915fecedc3cc7e7a3
      size: 1354
    outs:
    - path: som_assets/som_features
      md5: 21571ad02e3df16343de05a377ec96a1.dir
      size: 189782
      nfiles: 4
  model training:
    cmd: python src/train_model.py
    deps:
    - path: som_assets/som_features
      md5: 21571ad02e3df16343de05a377ec96a1.dir
      size: 189782
      nfiles: 4
    - path: src/train_model.py
      md5: 63816ef19e739c8611629a84173fc10c
      size: 690
    outs:
    - path: som_assets/som_models
      md5: 0fa68b98f9ca7852d1579ea0988be760.dir
      size: 798
      nfiles: 1
  model evaluation:
    cmd: python src/evaluate_model.py
    deps:
    - path: som_assets/som_features
      md5: 21571ad02e3df16343de05a377ec96a1.dir
      size: 189782
      nfiles: 4
    - path: som_assets/som_models
      md5: 0fa68b98f9ca7852d1579ea0988be760.dir
      size: 798
      nfiles: 1
    - path: src/evaluate_model.py
      md5: 41884b0bc124e93183066efbddf9fab3
      size: 1850
    outs:
    - path: som_assets/som_metrics/metrics.json
      md5: 9632fd7d85d5a643d98196a6a441da64
      size: 80
