schema: '2.0'
stages:
  data exploration:
    cmd: python src/extract_data.py
    deps:
    - path: src/extract_data.py
      md5: 0ff2e8433e86c1fc097492244a19b346
      size: 2607
    outs:
    - path: som_assets/som_data
      md5: bf541d1e68920b489098c790bb9b9dfd.dir
      size: 559776
      nfiles: 2
  feature engineering:
    cmd: python src/extract_features.py
    deps:
    - path: som_assets/som_data
      md5: bf541d1e68920b489098c790bb9b9dfd.dir
      size: 559776
      nfiles: 2
    - path: src/extract_features.py
      md5: ee6ab3379dfcfbb7bd086442ebda35ee
      size: 1584
    outs:
    - path: som_assets/som_features
      md5: 9035782ba117227295bc28ac6bf00bcb.dir
      size: 1682360
      nfiles: 4
  model training:
    cmd: python src/train_model.py
    deps:
    - path: som_assets/som_features
      md5: 9035782ba117227295bc28ac6bf00bcb.dir
      size: 1682360
      nfiles: 4
    - path: src/train_model.py
      md5: c2fafa2777b735bf25bbb458892a247e
      size: 689
    outs:
    - path: som_assets/som_models
      md5: 005ad45340d61970a2d1d1d213f3aa5a.dir
      size: 24124
      nfiles: 1
  model evaluation:
    cmd: python src/evaluate_model.py
    deps:
    - path: som_assets/som_features
      md5: 9035782ba117227295bc28ac6bf00bcb.dir
      size: 1682360
      nfiles: 4
    - path: som_assets/som_models
      md5: 005ad45340d61970a2d1d1d213f3aa5a.dir
      size: 24124
      nfiles: 1
    - path: src/evaluate_model.py
      md5: 3344da1046c3ecaca930c820ba06649a
      size: 1848
    outs:
    - path: som_assets/som_metrics/metrics.json
      md5: 25c0f7d5371eba6fbdcd606fbaf49218
      size: 78
